
Microsoft Visual Studio Solution File, Format Version 12.00
# Visual Studio Version 17
VisualStudioVersion = 17.0.31903.59
MinimumVisualStudioVersion = 10.0.40219.1
Project("{FAE04EC0-301F-11D3-BF4B-00C04F79EFBC}") = "HealthCheck.Blazor.Application", "src\HealthCheck.Blazor.Application\HealthCheck.Blazor.Application.csproj", "{7DCDDC01-2322-4945-8D4E-3DAEAF148954}"
EndProject
Global
	GlobalSection(SolutionConfigurationPlatforms) = preSolution
		Debug|Any CPU = Debug|Any CPU
		Release|Any CPU = Release|Any CPU
	EndGlobalSection
	GlobalSection(ProjectConfigurationPlatforms) = postSolution
		{7DCDDC01-2322-4945-8D4E-3DAEAF148954}.Debug|Any CPU.ActiveCfg = Debug|Any CPU
		{7DCDDC01-2322-4945-8D4E-3DAEAF148954}.Debug|Any CPU.Build.0 = Debug|Any CPU
		{7DCDDC01-2322-4945-8D4E-3DAEAF148954}.Release|Any CPU.ActiveCfg = Release|Any CPU
		{7DCDDC01-2322-4945-8D4E-3DAEAF148954}.Release|Any CPU.Build.0 = Release|Any CPU
	EndGlobalSection
	GlobalSection(SolutionProperties) = preSolution
		HideSolutionNode = FALSE
	EndGlobalSection
	GlobalSection(ExtensibilityGlobals) = postSolution
		SolutionGuid = {929AEF27-3C6A-4854-9342-97EC324B0FC9}
	EndGlobalSection
EndGlobal
